// !$*UTF8*$!
{
	archiveVersion = 1;
	classes = {
	};
	objectVersion = 55;
	objects = {

/* Begin PBXBuildFile section */
		3F548F9A2755FD2F000A94D7 /* AppDelegate.swift in Sources */ = {isa = PBXBuildFile; fileRef = 3F548F992755FD2F000A94D7 /* AppDelegate.swift */; };
		3F548F9C2755FD2F000A94D7 /* SceneDelegate.swift in Sources */ = {isa = PBXBuildFile; fileRef = 3F548F9B2755FD2F000A94D7 /* SceneDelegate.swift */; };
		3F548F9E2755FD2F000A94D7 /* SingInViewController.swift in Sources */ = {isa = PBXBuildFile; fileRef = 3F548F9D2755FD2F000A94D7 /* SingInViewController.swift */; };
		3F548FA12755FD2F000A94D7 /* Main.storyboard in Resources */ = {isa = PBXBuildFile; fileRef = 3F548F9F2755FD2F000A94D7 /* Main.storyboard */; };
		3F548FA32755FD30000A94D7 /* Assets.xcassets in Resources */ = {isa = PBXBuildFile; fileRef = 3F548FA22755FD30000A94D7 /* Assets.xcassets */; };
		3F548FA62755FD30000A94D7 /* LaunchScreen.storyboard in Resources */ = {isa = PBXBuildFile; fileRef = 3F548FA42755FD30000A94D7 /* LaunchScreen.storyboard */; };
		3F548FAF2755FD87000A94D7 /* Alamofire in Frameworks */ = {isa = PBXBuildFile; productRef = 3F548FAE2755FD87000A94D7 /* Alamofire */; };
		3F548FB22755FDA4000A94D7 /* SwiftyJSON in Frameworks */ = {isa = PBXBuildFile; productRef = 3F548FB12755FDA4000A94D7 /* SwiftyJSON */; };
		3F548FBF2755FE65000A94D7 /* Alegreya-Black.ttf in Resources */ = {isa = PBXBuildFile; fileRef = 3F548FB52755FE65000A94D7 /* Alegreya-Black.ttf */; };
		3F548FC02755FE65000A94D7 /* Alegreya-Medium.ttf in Resources */ = {isa = PBXBuildFile; fileRef = 3F548FB62755FE65000A94D7 /* Alegreya-Medium.ttf */; };
		3F548FC12755FE65000A94D7 /* Alegreya-BlackItalic.ttf in Resources */ = {isa = PBXBuildFile; fileRef = 3F548FB72755FE65000A94D7 /* Alegreya-BlackItalic.ttf */; };
		3F548FC22755FE65000A94D7 /* Alegreya-MediumItalic.ttf in Resources */ = {isa = PBXBuildFile; fileRef = 3F548FB82755FE65000A94D7 /* Alegreya-MediumItalic.ttf */; };
		3F548FC32755FE65000A94D7 /* Alegreya-ExtraBold.ttf in Resources */ = {isa = PBXBuildFile; fileRef = 3F548FB92755FE65000A94D7 /* Alegreya-ExtraBold.ttf */; };
		3F548FC42755FE65000A94D7 /* Alegreya-Regular.ttf in Resources */ = {isa = PBXBuildFile; fileRef = 3F548FBA2755FE65000A94D7 /* Alegreya-Regular.ttf */; };
		3F548FC52755FE65000A94D7 /* Alegreya-Italic.ttf in Resources */ = {isa = PBXBuildFile; fileRef = 3F548FBB2755FE65000A94D7 /* Alegreya-Italic.ttf */; };
		3F548FC62755FE65000A94D7 /* Alegreya-BoldItalic.ttf in Resources */ = {isa = PBXBuildFile; fileRef = 3F548FBC2755FE65000A94D7 /* Alegreya-BoldItalic.ttf */; };
		3F548FC72755FE65000A94D7 /* Alegreya-ExtraBoldItalic.ttf in Resources */ = {isa = PBXBuildFile; fileRef = 3F548FBD2755FE65000A94D7 /* Alegreya-ExtraBoldItalic.ttf */; };
		3F548FC82755FE65000A94D7 /* Alegreya-Bold.ttf in Resources */ = {isa = PBXBuildFile; fileRef = 3F548FBE2755FE65000A94D7 /* Alegreya-Bold.ttf */; };
/* End PBXBuildFile section */

/* Begin PBXFileReference section */
		3F548F962755FD2F000A94D7 /* Meditation_LIS_and_Perevezencev.app */ = {isa = PBXFileReference; explicitFileType = wrapper.application; includeInIndex = 0; path = Meditation_LIS_and_Perevezencev.app; sourceTree = BUILT_PRODUCTS_DIR; };
		3F548F992755FD2F000A94D7 /* AppDelegate.swift */ = {isa = PBXFileReference; lastKnownFileType = sourcecode.swift; path = AppDelegate.swift; sourceTree = "<group>"; };
		3F548F9B2755FD2F000A94D7 /* SceneDelegate.swift */ = {isa = PBXFileReference; lastKnownFileType = sourcecode.swift; path = SceneDelegate.swift; sourceTree = "<group>"; };
		3F548F9D2755FD2F000A94D7 /* SingInViewController.swift */ = {isa = PBXFileReference; lastKnownFileType = sourcecode.swift; path = SingInViewController.swift; sourceTree = "<group>"; };
		3F548FA02755FD2F000A94D7 /* Base */ = {isa = PBXFileReference; lastKnownFileType = file.storyboard; name = Base; path = Base.lproj/Main.storyboard; sourceTree = "<group>"; };
		3F548FA22755FD30000A94D7 /* Assets.xcassets */ = {isa = PBXFileReference; lastKnownFileType = folder.assetcatalog; path = Assets.xcassets; sourceTree = "<group>"; };
		3F548FA52755FD30000A94D7 /* Base */ = {isa = PBXFileReference; lastKnownFileType = file.storyboard; name = Base; path = Base.lproj/LaunchScreen.storyboard; sourceTree = "<group>"; };
		3F548FA72755FD30000A94D7 /* Info.plist */ = {isa = PBXFileReference; lastKnownFileType = text.plist.xml; path = Info.plist; sourceTree = "<group>"; };
		3F548FB52755FE65000A94D7 /* Alegreya-Black.ttf */ = {isa = PBXFileReference; lastKnownFileType = file; path = "Alegreya-Black.ttf"; sourceTree = "<group>"; };
		3F548FB62755FE65000A94D7 /* Alegreya-Medium.ttf */ = {isa = PBXFileReference; lastKnownFileType = file; path = "Alegreya-Medium.ttf"; sourceTree = "<group>"; };
		3F548FB72755FE65000A94D7 /* Alegreya-BlackItalic.ttf */ = {isa = PBXFileReference; lastKnownFileType = file; path = "Alegreya-BlackItalic.ttf"; sourceTree = "<group>"; };
		3F548FB82755FE65000A94D7 /* Alegreya-MediumItalic.ttf */ = {isa = PBXFileReference; lastKnownFileType = file; path = "Alegreya-MediumItalic.ttf"; sourceTree = "<group>"; };
		3F548FB92755FE65000A94D7 /* Alegreya-ExtraBold.ttf */ = {isa = PBXFileReference; lastKnownFileType = file; path = "Alegreya-ExtraBold.ttf"; sourceTree = "<group>"; };
		3F548FBA2755FE65000A94D7 /* Alegreya-Regular.ttf */ = {isa = PBXFileReference; lastKnownFileType = file; path = "Alegreya-Regular.ttf"; sourceTree = "<group>"; };
		3F548FBB2755FE65000A94D7 /* Alegreya-Italic.ttf */ = {isa = PBXFileReference; lastKnownFileType = file; path = "Alegreya-Italic.ttf"; sourceTree = "<group>"; };
		3F548FBC2755FE65000A94D7 /* Alegreya-BoldItalic.ttf */ = {isa = PBXFileReference; lastKnownFileType = file; path = "Alegreya-BoldItalic.ttf"; sourceTree = "<group>"; };
		3F548FBD2755FE65000A94D7 /* Alegreya-ExtraBoldItalic.ttf */ = {isa = PBXFileReference; lastKnownFileType = file; path = "Alegreya-ExtraBoldItalic.ttf"; sourceTree = "<group>"; };
		3F548FBE2755FE65000A94D7 /* Alegreya-Bold.ttf */ = {isa = PBXFileReference; lastKnownFileType = file; path = "Alegreya-Bold.ttf"; sourceTree = "<group>"; };
/* End PBXFileReference section */

/* Begin PBXFrameworksBuildPhase section */
		3F548F932755FD2F000A94D7 /* Frameworks */ = {
			isa = PBXFrameworksBuildPhase;
			buildActionMask = 2147483647;
			files = (
				3F548FB22755FDA4000A94D7 /* SwiftyJSON in Frameworks */,
				3F548FAF2755FD87000A94D7 /* Alamofire in Frameworks */,
			);
			runOnlyForDeploymentPostprocessing = 0;
		};
/* End PBXFrameworksBuildPhase section */

/* Begin PBXGroup section */
		3F548F8D2755FD2F000A94D7 = {
			isa = PBXGroup;
			children = (
				3F548F982755FD2F000A94D7 /* Meditation */,
				3F548F972755FD2F000A94D7 /* Products */,
			);
			sourceTree = "<group>";
		};
		3F548F972755FD2F000A94D7 /* Products */ = {
			isa = PBXGroup;
			children = (
				3F548F962755FD2F000A94D7 /* Meditation_LIS_and_Perevezencev.app */,
			);
			name = Products;
			sourceTree = "<group>";
		};
		3F548F982755FD2F000A94D7 /* Meditation */ = {
			isa = PBXGroup;
			children = (
				3F548FB32755FDD7000A94D7 /* Fonts */,
				3F548F992755FD2F000A94D7 /* AppDelegate.swift */,
				3F548F9B2755FD2F000A94D7 /* SceneDelegate.swift */,
				3F548F9D2755FD2F000A94D7 /* SingInViewController.swift */,
				3F548F9F2755FD2F000A94D7 /* Main.storyboard */,
				3F548FA22755FD30000A94D7 /* Assets.xcassets */,
				3F548FA42755FD30000A94D7 /* LaunchScreen.storyboard */,
				3F548FA72755FD30000A94D7 /* Info.plist */,
			);
			path = Meditation;
			sourceTree = "<group>";
		};
		3F548FB32755FDD7000A94D7 /* Fonts */ = {
			isa = PBXGroup;
			children = (
				3F548FB52755FE65000A94D7 /* Alegreya-Black.ttf */,
				3F548FB72755FE65000A94D7 /* Alegreya-BlackItalic.ttf */,
				3F548FBE2755FE65000A94D7 /* Alegreya-Bold.ttf */,
				3F548FBC2755FE65000A94D7 /* Alegreya-BoldItalic.ttf */,
				3F548FB92755FE65000A94D7 /* Alegreya-ExtraBold.ttf */,
				3F548FBD2755FE65000A94D7 /* Alegreya-ExtraBoldItalic.ttf */,
				3F548FBB2755FE65000A94D7 /* Alegreya-Italic.ttf */,
				3F548FB62755FE65000A94D7 /* Alegreya-Medium.ttf */,
				3F548FB82755FE65000A94D7 /* Alegreya-MediumItalic.ttf */,
				3F548FBA2755FE65000A94D7 /* Alegreya-Regular.ttf */,
			);
			path = Fonts;
			sourceTree = "<group>";
		};
/* End PBXGroup section */

/* Begin PBXNativeTarget section */
		3F548F952755FD2F000A94D7 /* Meditation_LIS_and_Perevezencev */ = {
			isa = PBXNativeTarget;
			buildConfigurationList = 3F548FAA2755FD30000A94D7 /* Build configuration list for PBXNativeTarget "Meditation_LIS_and_Perevezencev" */;
			buildPhases = (
				3F548F922755FD2F000A94D7 /* Sources */,
				3F548F932755FD2F000A94D7 /* Frameworks */,
				3F548F942755FD2F000A94D7 /* Resources */,
			);
			buildRules = (
			);
			dependencies = (
			);
			name = Meditation_LIS_and_Perevezencev;
			packageProductDependencies = (
				3F548FAE2755FD87000A94D7 /* Alamofire */,
				3F548FB12755FDA4000A94D7 /* SwiftyJSON */,
			);
			productName = Meditation;
			productReference = 3F548F962755FD2F000A94D7 /* Meditation_LIS_and_Perevezencev.app */;
			productType = "com.apple.product-type.application";
		};
/* End PBXNativeTarget section */

/* Begin PBXProject section */
		3F548F8E2755FD2F000A94D7 /* Project object */ = {
			isa = PBXProject;
			attributes = {
				BuildIndependentTargetsInParallel = 1;
				LastSwiftUpdateCheck = 1310;
				LastUpgradeCheck = 1310;
				TargetAttributes = {
					3F548F952755FD2F000A94D7 = {
						CreatedOnToolsVersion = 13.1;
					};
				};
			};
			buildConfigurationList = 3F548F912755FD2F000A94D7 /* Build configuration list for PBXProject "shel" */;
			compatibilityVersion = "Xcode 13.0";
			developmentRegion = en;
			hasScannedForEncodings = 0;
			knownRegions = (
				en,
				Base,
			);
			mainGroup = 3F548F8D2755FD2F000A94D7;
			packageReferences = (
				3F548FAD2755FD87000A94D7 /* XCRemoteSwiftPackageReference "Alamofire" */,
				3F548FB02755FDA4000A94D7 /* XCRemoteSwiftPackageReference "SwiftyJSON" */,
			);
			productRefGroup = 3F548F972755FD2F000A94D7 /* Products */;
			projectDirPath = "";
			projectRoot = "";
			targets = (
				3F548F952755FD2F000A94D7 /* Meditation_LIS_and_Perevezencev */,
			);
		};
/* End PBXProject section */

/* Begin PBXResourcesBuildPhase section */
		3F548F942755FD2F000A94D7 /* Resources */ = {
			isa = PBXResourcesBuildPhase;
			buildActionMask = 2147483647;
			files = (
				3F548FC82755FE65000A94D7 /* Alegreya-Bold.ttf in Resources */,
				3F548FA62755FD30000A94D7 /* LaunchScreen.storyboard in Resources */,
				3F548FC62755FE65000A94D7 /* Alegreya-BoldItalic.ttf in Resources */,
				3F548FA32755FD30000A94D7 /* Assets.xcassets in Resources */,
				3F548FBF2755FE65000A94D7 /* Alegreya-Black.ttf in Resources */,
				3F548FC02755FE65000A94D7 /* Alegreya-Medium.ttf in Resources */,
				3F548FC12755FE65000A94D7 /* Alegreya-BlackItalic.ttf in Resources */,
				3F548FC42755FE65000A94D7 /* Alegreya-Regular.ttf in Resources */,
				3F548FC22755FE65000A94D7 /* Alegreya-MediumItalic.ttf in Resources */,
				3F548FC32755FE65000A94D7 /* Alegreya-ExtraBold.ttf in Resources */,
				3F548FC52755FE65000A94D7 /* Alegreya-Italic.ttf in Resources */,
				3F548FC72755FE65000A94D7 /* Alegreya-ExtraBoldItalic.ttf in Resources */,
				3F548FA12755FD2F000A94D7 /* Main.storyboard in Resources */,
			);
			runOnlyForDeploymentPostprocessing = 0;
		};
/* End PBXResourcesBuildPhase section */

/* Begin PBXSourcesBuildPhase section */
		3F548F922755FD2F000A94D7 /* Sources */ = {
			isa = PBXSourcesBuildPhase;
			buildActionMask = 2147483647;
			files = (
				3F548F9E2755FD2F000A94D7 /* SingInViewController.swift in Sources */,
				3F548F9A2755FD2F000A94D7 /* AppDelegate.swift in Sources */,
				3F548F9C2755FD2F000A94D7 /* SceneDelegate.swift in Sources */,
			);
			runOnlyForDeploymentPostprocessing = 0;
		};
/* End PBXSourcesBuildPhase section */

/* Begin PBXVariantGroup section */
		3F548F9F2755FD2F000A94D7 /* Main.storyboard */ = {
			isa = PBXVariantGroup;
			children = (
				3F548FA02755FD2F000A94D7 /* Base */,
			);
			name = Main.storyboard;
			sourceTree = "<group>";
		};
		3F548FA42755FD30000A94D7 /* LaunchScreen.storyboard */ = {
			isa = PBXVariantGroup;
			children = (
				3F548FA52755FD30000A94D7 /* Base */,
			);
			name = LaunchScreen.storyboard;
			sourceTree = "<group>";
		};
/* End PBXVariantGroup section */

/* Begin XCBuildConfiguration section */
		3F548FA82755FD30000A94D7 /* Debug */ = {
			isa = XCBuildConfiguration;
			buildSettings = {
				ALWAYS_SEARCH_USER_PATHS = NO;
				CLANG_ANALYZER_NONNULL = YES;
				CLANG_ANALYZER_NUMBER_OBJECT_CONVERSION = YES_AGGRESSIVE;
				CLANG_CXX_LANGUAGE_STANDARD = "gnu++17";
				CLANG_CXX_LIBRARY = "libc++";
				CLANG_ENABLE_MODULES = YES;
				CLANG_ENABLE_OBJC_ARC = YES;
				CLANG_ENABLE_OBJC_WEAK = YES;
				CLANG_WARN_BLOCK_CAPTURE_AUTORELEASING = YES;
				CLANG_WARN_BOOL_CONVERSION = YES;
				CLANG_WARN_COMMA = YES;
				CLANG_WARN_CONSTANT_CONVERSION = YES;
				CLANG_WARN_DEPRECATED_OBJC_IMPLEMENTATIONS = YES;
				CLANG_WARN_DIRECT_OBJC_ISA_USAGE = YES_ERROR;
				CLANG_WARN_DOCUMENTATION_COMMENTS = YES;
				CLANG_WARN_EMPTY_BODY = YES;
				CLANG_WARN_ENUM_CONVERSION = YES;
				CLANG_WARN_INFINITE_RECURSION = YES;
				CLANG_WARN_INT_CONVERSION = YES;
				CLANG_WARN_NON_LITERAL_NULL_CONVERSION = YES;
				CLANG_WARN_OBJC_IMPLICIT_RETAIN_SELF = YES;
				CLANG_WARN_OBJC_LITERAL_CONVERSION = YES;
				CLANG_WARN_OBJC_ROOT_CLASS = YES_ERROR;
				CLANG_WARN_QUOTED_INCLUDE_IN_FRAMEWORK_HEADER = YES;
				CLANG_WARN_RANGE_LOOP_ANALYSIS = YES;
				CLANG_WARN_STRICT_PROTOTYPES = YES;
				CLANG_WARN_SUSPICIOUS_MOVE = YES;
				CLANG_WARN_UNGUARDED_AVAILABILITY = YES_AGGRESSIVE;
				CLANG_WARN_UNREACHABLE_CODE = YES;
				CLANG_WARN__DUPLICATE_METHOD_MATCH = YES;
				COPY_PHASE_STRIP = NO;
				DEBUG_INFORMATION_FORMAT = dwarf;
				ENABLE_STRICT_OBJC_MSGSEND = YES;
				ENABLE_TESTABILITY = YES;
				GCC_C_LANGUAGE_STANDARD = gnu11;
				GCC_DYNAMIC_NO_PIC = NO;
				GCC_NO_COMMON_BLOCKS = YES;
				GCC_OPTIMIZATION_LEVEL = 0;
				GCC_PREPROCESSOR_DEFINITIONS = (
					"DEBUG=1",
					"$(inherited)",
				);
				GCC_WARN_64_TO_32_BIT_CONVERSION = YES;
				GCC_WARN_ABOUT_RETURN_TYPE = YES_ERROR;
				GCC_WARN_UNDECLARED_SELECTOR = YES;
				GCC_WARN_UNINITIALIZED_AUTOS = YES_AGGRESSIVE;
				GCC_WARN_UNUSED_FUNCTION = YES;
				GCC_WARN_UNUSED_VARIABLE = YES;
				IPHONEOS_DEPLOYMENT_TARGET = 15.0;
				MTL_ENABLE_DEBUG_INFO = INCLUDE_SOURCE;
				MTL_FAST_MATH = YES;
				ONLY_ACTIVE_ARCH = YES;
				SDKROOT = iphoneos;
				SWIFT_ACTIVE_COMPILATION_CONDITIONS = DEBUG;
				SWIFT_OPTIMIZATION_LEVEL = "-Onone";
			};
			name = Debug;
		};
		3F548FA92755FD30000A94D7 /* Release */ = {
			isa = XCBuildConfiguration;
			buildSettings = {
				ALWAYS_SEARCH_USER_PATHS = NO;
				CLANG_ANALYZER_NONNULL = YES;
				CLANG_ANALYZER_NUMBER_OBJECT_CONVERSION = YES_AGGRESSIVE;
				CLANG_CXX_LANGUAGE_STANDARD = "gnu++17";
				CLANG_CXX_LIBRARY = "libc++";
				CLANG_ENABLE_MODULES = YES;
				CLANG_ENABLE_OBJC_ARC = YES;
				CLANG_ENABLE_OBJC_WEAK = YES;
				CLANG_WARN_BLOCK_CAPTURE_AUTORELEASING = YES;
				CLANG_WARN_BOOL_CONVERSION = YES;
				CLANG_WARN_COMMA = YES;
				CLANG_WARN_CONSTANT_CONVERSION = YES;
				CLANG_WARN_DEPRECATED_OBJC_IMPLEMENTATIONS = YES;
				CLANG_WARN_DIRECT_OBJC_ISA_USAGE = YES_ERROR;
				CLANG_WARN_DOCUMENTATION_COMMENTS = YES;
				CLANG_WARN_EMPTY_BODY = YES;
				CLANG_WARN_ENUM_CONVERSION = YES;
				CLANG_WARN_INFINITE_RECURSION = YES;
				CLANG_WARN_INT_CONVERSION = YES;
				CLANG_WARN_NON_LITERAL_NULL_CONVERSION = YES;
				CLANG_WARN_OBJC_IMPLICIT_RETAIN_SELF = YES;
				CLANG_WARN_OBJC_LITERAL_CONVERSION = YES;
				CLANG_WARN_OBJC_ROOT_CLASS = YES_ERROR;
				CLANG_WARN_QUOTED_INCLUDE_IN_FRAMEWORK_HEADER = YES;
				CLANG_WARN_RANGE_LOOP_ANALYSIS = YES;
				CLANG_WARN_STRICT_PROTOTYPES = YES;
				CLANG_WARN_SUSPICIOUS_MOVE = YES;
				CLANG_WARN_UNGUARDED_AVAILABILITY = YES_AGGRESSIVE;
				CLANG_WARN_UNREACHABLE_CODE = YES;
				CLANG_WARN__DUPLICATE_METHOD_MATCH = YES;
				COPY_PHASE_STRIP = NO;
				DEBUG_INFORMATION_FORMAT = "dwarf-with-dsym";
				ENABLE_NS_ASSERTIONS = NO;
				ENABLE_STRICT_OBJC_MSGSEND = YES;
				GCC_C_LANGUAGE_STANDARD = gnu11;
				GCC_NO_COMMON_BLOCKS = YES;
				GCC_WARN_64_TO_32_BIT_CONVERSION = YES;
				GCC_WARN_ABOUT_RETURN_TYPE = YES_ERROR;
				GCC_WARN_UNDECLARED_SELECTOR = YES;
				GCC_WARN_UNINITIALIZED_AUTOS = YES_AGGRESSIVE;
				GCC_WARN_UNUSED_FUNCTION = YES;
				GCC_WARN_UNUSED_VARIABLE = YES;
				IPHONEOS_DEPLOYMENT_TARGET = 15.0;
				MTL_ENABLE_DEBUG_INFO = NO;
				MTL_FAST_MATH = YES;
				SDKROOT = iphoneos;
				SWIFT_COMPILATION_MODE = wholemodule;
				SWIFT_OPTIMIZATION_LEVEL = "-O";
				VALIDATE_PRODUCT = YES;
			};
			name = Release;
		};
		3F548FAB2755FD30000A94D7 /* Debug */ = {
			isa = XCBuildConfiguration;
			buildSettings = {
				ASSETCATALOG_COMPILER_APPICON_NAME = AppIcon;
				ASSETCATALOG_COMPILER_GLOBAL_ACCENT_COLOR_NAME = AccentColor;
				CODE_SIGN_STYLE = Automatic;
				CURRENT_PROJECT_VERSION = 1;
				GENERATE_INFOPLIST_FILE = YES;
				INFOPLIST_FILE = Meditation/Info.plist;
				INFOPLIST_KEY_CFBundleDisplayName = shel;
				INFOPLIST_KEY_UIApplicationSupportsIndirectInputEvents = YES;
				INFOPLIST_KEY_UILaunchStoryboardName = LaunchScreen;
				INFOPLIST_KEY_UIMainStoryboardFile = Main;
				INFOPLIST_KEY_UISupportedInterfaceOrientations_iPad = "UIInterfaceOrientationPortrait UIInterfaceOrientationPortraitUpsideDown UIInterfaceOrientationLandscapeLeft UIInterfaceOrientationLandscapeRight";
				INFOPLIST_KEY_UISupportedInterfaceOrientations_iPhone = "UIInterfaceOrientationPortrait UIInterfaceOrientationLandscapeLeft UIInterfaceOrientationLandscapeRight";
				LD_RUNPATH_SEARCH_PATHS = (
					"$(inherited)",
					"@executable_path/Frameworks",
				);
				MARKETING_VERSION = 1.0;
				PRODUCT_BUNDLE_IDENTIFIER = shel;
				PRODUCT_NAME = "$(TARGET_NAME)";
				SWIFT_EMIT_LOC_STRINGS = YES;
				SWIFT_VERSION = 5.0;
				TARGETED_DEVICE_FAMILY = 1;
			};
			name = Debug;
		};
		3F548FAC2755FD30000A94D7 /* Release */ = {
			isa = XCBuildConfiguration;
			buildSettings = {
				ASSETCATALOG_COMPILER_APPICON_NAME = AppIcon;
				ASSETCATALOG_COMPILER_GLOBAL_ACCENT_COLOR_NAME = AccentColor;
				CODE_SIGN_STYLE = Automatic;
				CURRENT_PROJECT_VERSION = 1;
				GENERATE_INFOPLIST_FILE = YES;
				INFOPLIST_FILE = Meditation/Info.plist;
				INFOPLIST_KEY_CFBundleDisplayName = shel;
				INFOPLIST_KEY_UIApplicationSupportsIndirectInputEvents = YES;
				INFOPLIST_KEY_UILaunchStoryboardName = LaunchScreen;
				INFOPLIST_KEY_UIMainStoryboardFile = Main;
				INFOPLIST_KEY_UISupportedInterfaceOrientations_iPad = "UIInterfaceOrientationPortrait UIInterfaceOrientationPortraitUpsideDown UIInterfaceOrientationLandscapeLeft UIInterfaceOrientationLandscapeRight";
				INFOPLIST_KEY_UISupportedInterfaceOrientations_iPhone = "UIInterfaceOrientationPortrait UIInterfaceOrientationLandscapeLeft UIInterfaceOrientationLandscapeRight";
				LD_RUNPATH_SEARCH_PATHS = (
					"$(inherited)",
					"@executable_path/Frameworks",
				);
				MARKETING_VERSION = 1.0;
				PRODUCT_BUNDLE_IDENTIFIER = shel;
				PRODUCT_NAME = "$(TARGET_NAME)";
				SWIFT_EMIT_LOC_STRINGS = YES;
				SWIFT_VERSION = 5.0;
				TARGETED_DEVICE_FAMILY = 1;
			};
			name = Release;
		};
/* End XCBuildConfiguration section */

/* Begin XCConfigurationList section */
		3F548F912755FD2F000A94D7 /* Build configuration list for PBXProject "shel" */ = {
			isa = XCConfigurationList;
			buildConfigurations = (
				3F548FA82755FD30000A94D7 /* Debug */,
				3F548FA92755FD30000A94D7 /* Release */,
			);
			defaultConfigurationIsVisible = 0;
			defaultConfigurationName = Release;
		};
		3F548FAA2755FD30000A94D7 /* Build configuration list for PBXNativeTarget "Meditation_LIS_and_Perevezencev" */ = {
			isa = XCConfigurationList;
			buildConfigurations = (
				3F548FAB2755FD30000A94D7 /* Debug */,
				3F548FAC2755FD30000A94D7 /* Release */,
			);
			defaultConfigurationIsVisible = 0;
			defaultConfigurationName = Release;
		};
/* End XCConfigurationList section */

/* Begin XCRemoteSwiftPackageReference section */
		3F548FAD2755FD87000A94D7 /* XCRemoteSwiftPackageReference "Alamofire" */ = {
			isa = XCRemoteSwiftPackageReference;
			repositoryURL = "https://github.com/Alamofire/Alamofire";
			requirement = {
				kind = upToNextMajorVersion;
				minimumVersion = 5.0.0;
			};
		};
		3F548FB02755FDA4000A94D7 /* XCRemoteSwiftPackageReference "SwiftyJSON" */ = {
			isa = XCRemoteSwiftPackageReference;
			repositoryURL = "https://github.com/SwiftyJSON/SwiftyJSON";
			requirement = {
				branch = master;
				kind = branch;
			};
		};
/* End XCRemoteSwiftPackageReference section */

/* Begin XCSwiftPackageProductDependency section */
		3F548FAE2755FD87000A94D7 /* Alamofire */ = {
			isa = XCSwiftPackageProductDependency;
			package = 3F548FAD2755FD87000A94D7 /* XCRemoteSwiftPackageReference "Alamofire" */;
			productName = Alamofire;
		};
		3F548FB12755FDA4000A94D7 /* SwiftyJSON */ = {
			isa = XCSwiftPackageProductDependency;
			package = 3F548FB02755FDA4000A94D7 /* XCRemoteSwiftPackageReference "SwiftyJSON" */;
			productName = SwiftyJSON;
		};
/* End XCSwiftPackageProductDependency section */
	};
	rootObject = 3F548F8E2755FD2F000A94D7 /* Project object */;
}
